
Microsoft Visual Studio Solution File, Format Version 12.00
# Visual Studio Version 16
VisualStudioVersion = 16.0.32802.440
MinimumVisualStudioVersion = 10.0.40219.1
Project("{FAE04EC0-301F-11D3-BF4B-00C04F79EFBC}") = "WPFTestProect", "WPFTestProect.csproj", "{6E86074F-709A-4C9B-BD78-3B3E189D5B8A}"
EndProject
Global
	GlobalSection(SolutionConfigurationPlatforms) = preSolution
		Debug|Any CPU = Debug|Any CPU
		Release|Any CPU = Release|Any CPU
	EndGlobalSection
	GlobalSection(ProjectConfigurationPlatforms) = postSolution
		{6E86074F-709A-4C9B-BD78-3B3E189D5B8A}.Debug|Any CPU.ActiveCfg = Debug|Any CPU
		{6E86074F-709A-4C9B-BD78-3B3E189D5B8A}.Debug|Any CPU.Build.0 = Debug|Any CPU
		{6E86074F-709A-4C9B-BD78-3B3E189D5B8A}.Release|Any CPU.ActiveCfg = Release|Any CPU
		{6E86074F-709A-4C9B-BD78-3B3E189D5B8A}.Release|Any CPU.Build.0 = Release|Any CPU
	EndGlobalSection
	GlobalSection(SolutionProperties) = preSolution
		HideSolutionNode = FALSE
	EndGlobalSection
	GlobalSection(ExtensibilityGlobals) = postSolution
		SolutionGuid = {7CF14231-00E7-4C74-846B-6D91D12CBE55}
	EndGlobalSection
EndGlobal
